// !$*UTF8*$!
{
	archiveVersion = 1;
	classes = {
	};
	objectVersion = 77;
	objects = {

/* Begin PBXContainerItemProxy section */
		2FFF68A22D6D40FB00450403 /* PBXContainerItemProxy */ = {
			isa = PBXContainerItemProxy;
			containerPortal = 2FFF68892D6D40FA00450403 /* Project object */;
			proxyType = 1;
			remoteGlobalIDString = 2FFF68902D6D40FA00450403;
			remoteInfo = Concentrator;
		};
		2FFF68AC2D6D40FB00450403 /* PBXContainerItemProxy */ = {
			isa = PBXContainerItemProxy;
			containerPortal = 2FFF68892D6D40FA00450403 /* Project object */;
			proxyType = 1;
			remoteGlobalIDString = 2FFF68902D6D40FA00450403;
			remoteInfo = Concentrator;
		};
/* End PBXContainerItemProxy section */

/* Begin PBXFileReference section */
		2FFF68912D6D40FA00450403 /* Concentrator.app */ = {isa = PBXFileReference; explicitFileType = wrapper.application; includeInIndex = 0; path = Concentrator.app; sourceTree = BUILT_PRODUCTS_DIR; };
		2FFF68A12D6D40FB00450403 /* ConcentratorTests.xctest */ = {isa = PBXFileReference; explicitFileType = wrapper.cfbundle; includeInIndex = 0; path = ConcentratorTests.xctest; sourceTree = BUILT_PRODUCTS_DIR; };
		2FFF68AB2D6D40FB00450403 /* ConcentratorUITests.xctest */ = {isa = PBXFileReference; explicitFileType = wrapper.cfbundle; includeInIndex = 0; path = ConcentratorUITests.xctest; sourceTree = BUILT_PRODUCTS_DIR; };
/* End PBXFileReference section */

/* Begin PBXFileSystemSynchronizedRootGroup section */
		2FFF68932D6D40FA00450403 /* Concentrator */ = {
			isa = PBXFileSystemSynchronizedRootGroup;
			path = Concentrator;
			sourceTree = "<group>";
		};
		2FFF68A42D6D40FB00450403 /* ConcentratorTests */ = {
			isa = PBXFileSystemSynchronizedRootGroup;
			path = ConcentratorTests;
			sourceTree = "<group>";
		};
		2FFF68AE2D6D40FB00450403 /* ConcentratorUITests */ = {
			isa = PBXFileSystemSynchronizedRootGroup;
			path = ConcentratorUITests;
			sourceTree = "<group>";
		};
/* End PBXFileSystemSynchronizedRootGroup section */

/* Begin PBXFrameworksBuildPhase section */
		2FFF688E2D6D40FA00450403 /* Frameworks */ = {
			isa = PBXFrameworksBuildPhase;
			buildActionMask = 2147483647;
			files = (
			);
			runOnlyForDeploymentPostprocessing = 0;
		};
		2FFF689E2D6D40FB00450403 /* Frameworks */ = {
			isa = PBXFrameworksBuildPhase;
			buildActionMask = 2147483647;
			files = (
			);
			runOnlyForDeploymentPostprocessing = 0;
		};
		2FFF68A82D6D40FB00450403 /* Frameworks */ = {
			isa = PBXFrameworksBuildPhase;
			buildActionMask = 2147483647;
			files = (
			);
			runOnlyForDeploymentPostprocessing = 0;
		};
/* End PBXFrameworksBuildPhase section */

/* Begin PBXGroup section */
		2FFF68882D6D40FA00450403 = {
			isa = PBXGroup;
			children = (
				2FFF68932D6D40FA00450403 /* Concentrator */,
				2FFF68A42D6D40FB00450403 /* ConcentratorTests */,
				2FFF68AE2D6D40FB00450403 /* ConcentratorUITests */,
				2FFF68922D6D40FA00450403 /* Products */,
			);
			sourceTree = "<group>";
		};
		2FFF68922D6D40FA00450403 /* Products */ = {
			isa = PBXGroup;
			children = (
				2FFF68912D6D40FA00450403 /* Concentrator.app */,
				2FFF68A12D6D40FB00450403 /* ConcentratorTests.xctest */,
				2FFF68AB2D6D40FB00450403 /* ConcentratorUITests.xctest */,
			);
			name = Products;
			sourceTree = "<group>";
		};
/* End PBXGroup section */

/* Begin PBXNativeTarget section */
		2FFF68902D6D40FA00450403 /* Concentrator */ = {
			isa = PBXNativeTarget;
			buildConfigurationList = 2FFF68B52D6D40FB00450403 /* Build configuration list for PBXNativeTarget "Concentrator" */;
			buildPhases = (
				2FFF688D2D6D40FA00450403 /* Sources */,
				2FFF688E2D6D40FA00450403 /* Frameworks */,
				2FFF688F2D6D40FA00450403 /* Resources */,
			);
			buildRules = (
			);
			dependencies = (
			);
			fileSystemSynchronizedGroups = (
				2FFF68932D6D40FA00450403 /* Concentrator */,
			);
			name = Concentrator;
			packageProductDependencies = (
			);
			productName = Concentrator;
			productReference = 2FFF68912D6D40FA00450403 /* Concentrator.app */;
			productType = "com.apple.product-type.application";
		};
		2FFF68A02D6D40FB00450403 /* ConcentratorTests */ = {
			isa = PBXNativeTarget;
			buildConfigurationList = 2FFF68B82D6D40FB00450403 /* Build configuration list for PBXNativeTarget "ConcentratorTests" */;
			buildPhases = (
				2FFF689D2D6D40FB00450403 /* Sources */,
				2FFF689E2D6D40FB00450403 /* Frameworks */,
				2FFF689F2D6D40FB00450403 /* Resources */,
			);
			buildRules = (
			);
			dependencies = (
				2FFF68A32D6D40FB00450403 /* PBXTargetDependency */,
			);
			fileSystemSynchronizedGroups = (
				2FFF68A42D6D40FB00450403 /* ConcentratorTests */,
			);
			name = ConcentratorTests;
			packageProductDependencies = (
			);
			productName = ConcentratorTests;
			productReference = 2FFF68A12D6D40FB00450403 /* ConcentratorTests.xctest */;
			productType = "com.apple.product-type.bundle.unit-test";
		};
		2FFF68AA2D6D40FB00450403 /* ConcentratorUITests */ = {
			isa = PBXNativeTarget;
			buildConfigurationList = 2FFF68BB2D6D40FB00450403 /* Build configuration list for PBXNativeTarget "ConcentratorUITests" */;
			buildPhases = (
				2FFF68A72D6D40FB00450403 /* Sources */,
				2FFF68A82D6D40FB00450403 /* Frameworks */,
				2FFF68A92D6D40FB00450403 /* Resources */,
			);
			buildRules = (
			);
			dependencies = (
				2FFF68AD2D6D40FB00450403 /* PBXTargetDependency */,
			);
			fileSystemSynchronizedGroups = (
				2FFF68AE2D6D40FB00450403 /* ConcentratorUITests */,
			);
			name = ConcentratorUITests;
			packageProductDependencies = (
			);
			productName = ConcentratorUITests;
			productReference = 2FFF68AB2D6D40FB00450403 /* ConcentratorUITests.xctest */;
			productType = "com.apple.product-type.bundle.ui-testing";
		};
/* End PBXNativeTarget section */

/* Begin PBXProject section */
		2FFF68892D6D40FA00450403 /* Project object */ = {
			isa = PBXProject;
			attributes = {
				BuildIndependentTargetsInParallel = 1;
				LastSwiftUpdateCheck = 1620;
				LastUpgradeCheck = 1620;
				TargetAttributes = {
					2FFF68902D6D40FA00450403 = {
						CreatedOnToolsVersion = 16.2;
					};
					2FFF68A02D6D40FB00450403 = {
						CreatedOnToolsVersion = 16.2;
						TestTargetID = 2FFF68902D6D40FA00450403;
					};
					2FFF68AA2D6D40FB00450403 = {
						CreatedOnToolsVersion = 16.2;
						TestTargetID = 2FFF68902D6D40FA00450403;
					};
				};
			};
			buildConfigurationList = 2FFF688C2D6D40FA00450403 /* Build configuration list for PBXProject "Concentrator" */;
			developmentRegion = en;
			hasScannedForEncodings = 0;
			knownRegions = (
				en,
				Base,
			);
			mainGroup = 2FFF68882D6D40FA00450403;
			minimizedProjectReferenceProxies = 1;
			preferredProjectObjectVersion = 77;
			productRefGroup = 2FFF68922D6D40FA00450403 /* Products */;
			projectDirPath = "";
			projectRoot = "";
			targets = (
				2FFF68902D6D40FA00450403 /* Concentrator */,
				2FFF68A02D6D40FB00450403 /* ConcentratorTests */,
				2FFF68AA2D6D40FB00450403 /* ConcentratorUITests */,
			);
		};
/* End PBXProject section */

/* Begin PBXResourcesBuildPhase section */
		2FFF688F2D6D40FA00450403 /* Resources */ = {
			isa = PBXResourcesBuildPhase;
			buildActionMask = 2147483647;
			files = (
			);
			runOnlyForDeploymentPostprocessing = 0;
		};
		2FFF689F2D6D40FB00450403 /* Resources */ = {
			isa = PBXResourcesBuildPhase;
			buildActionMask = 2147483647;
			files = (
			);
			runOnlyForDeploymentPostprocessing = 0;
		};
		2FFF68A92D6D40FB00450403 /* Resources */ = {
			isa = PBXResourcesBuildPhase;
			buildActionMask = 2147483647;
			files = (
			);
			runOnlyForDeploymentPostprocessing = 0;
		};
/* End PBXResourcesBuildPhase section */

/* Begin PBXSourcesBuildPhase section */
		2FFF688D2D6D40FA00450403 /* Sources */ = {
			isa = PBXSourcesBuildPhase;
			buildActionMask = 2147483647;
			files = (
			);
			runOnlyForDeploymentPostprocessing = 0;
		};
		2FFF689D2D6D40FB00450403 /* Sources */ = {
			isa = PBXSourcesBuildPhase;
			buildActionMask = 2147483647;
			files = (
			);
			runOnlyForDeploymentPostprocessing = 0;
		};
		2FFF68A72D6D40FB00450403 /* Sources */ = {
			isa = PBXSourcesBuildPhase;
			buildActionMask = 2147483647;
			files = (
			);
			runOnlyForDeploymentPostprocessing = 0;
		};
/* End PBXSourcesBuildPhase section */

/* Begin PBXTargetDependency section */
		2FFF68A32D6D40FB00450403 /* PBXTargetDependency */ = {
			isa = PBXTargetDependency;
			target = 2FFF68902D6D40FA00450403 /* Concentrator */;
			targetProxy = 2FFF68A22D6D40FB00450403 /* PBXContainerItemProxy */;
		};
		2FFF68AD2D6D40FB00450403 /* PBXTargetDependency */ = {
			isa = PBXTargetDependency;
			target = 2FFF68902D6D40FA00450403 /* Concentrator */;
			targetProxy = 2FFF68AC2D6D40FB00450403 /* PBXContainerItemProxy */;
		};
/* End PBXTargetDependency section */

/* Begin XCBuildConfiguration section */
		2FFF68B32D6D40FB00450403 /* Debug */ = {
			isa = XCBuildConfiguration;
			buildSettings = {
				ALWAYS_SEARCH_USER_PATHS = NO;
				ASSETCATALOG_COMPILER_GENERATE_SWIFT_ASSET_SYMBOL_EXTENSIONS = YES;
				CLANG_ANALYZER_NONNULL = YES;
				CLANG_ANALYZER_NUMBER_OBJECT_CONVERSION = YES_AGGRESSIVE;
				CLANG_CXX_LANGUAGE_STANDARD = "gnu++20";
				CLANG_ENABLE_MODULES = YES;
				CLANG_ENABLE_OBJC_ARC = YES;
				CLANG_ENABLE_OBJC_WEAK = YES;
				CLANG_WARN_BLOCK_CAPTURE_AUTORELEASING = YES;
				CLANG_WARN_BOOL_CONVERSION = YES;
				CLANG_WARN_COMMA = YES;
				CLANG_WARN_CONSTANT_CONVERSION = YES;
				CLANG_WARN_DEPRECATED_OBJC_IMPLEMENTATIONS = YES;
				CLANG_WARN_DIRECT_OBJC_ISA_USAGE = YES_ERROR;
				CLANG_WARN_DOCUMENTATION_COMMENTS = YES;
				CLANG_WARN_EMPTY_BODY = YES;
				CLANG_WARN_ENUM_CONVERSION = YES;
				CLANG_WARN_INFINITE_RECURSION = YES;
				CLANG_WARN_INT_CONVERSION = YES;
				CLANG_WARN_NON_LITERAL_NULL_CONVERSION = YES;
				CLANG_WARN_OBJC_IMPLICIT_RETAIN_SELF = YES;
				CLANG_WARN_OBJC_LITERAL_CONVERSION = YES;
				CLANG_WARN_OBJC_ROOT_CLASS = YES_ERROR;
				CLANG_WARN_QUOTED_INCLUDE_IN_FRAMEWORK_HEADER = YES;
				CLANG_WARN_RANGE_LOOP_ANALYSIS = YES;
				CLANG_WARN_STRICT_PROTOTYPES = YES;
				CLANG_WARN_SUSPICIOUS_MOVE = YES;
				CLANG_WARN_UNGUARDED_AVAILABILITY = YES_AGGRESSIVE;
				CLANG_WARN_UNREACHABLE_CODE = YES;
				CLANG_WARN__DUPLICATE_METHOD_MATCH = YES;
				COPY_PHASE_STRIP = NO;
				DEBUG_INFORMATION_FORMAT = dwarf;
				ENABLE_STRICT_OBJC_MSGSEND = YES;
				ENABLE_TESTABILITY = YES;
				ENABLE_USER_SCRIPT_SANDBOXING = YES;
				GCC_C_LANGUAGE_STANDARD = gnu17;
				GCC_DYNAMIC_NO_PIC = NO;
				GCC_NO_COMMON_BLOCKS = YES;
				GCC_OPTIMIZATION_LEVEL = 0;
				GCC_PREPROCESSOR_DEFINITIONS = (
					"DEBUG=1",
					"$(inherited)",
				);
				GCC_WARN_64_TO_32_BIT_CONVERSION = YES;
				GCC_WARN_ABOUT_RETURN_TYPE = YES_ERROR;
				GCC_WARN_UNDECLARED_SELECTOR = YES;
				GCC_WARN_UNINITIALIZED_AUTOS = YES_AGGRESSIVE;
				GCC_WARN_UNUSED_FUNCTION = YES;
				GCC_WARN_UNUSED_VARIABLE = YES;
				IPHONEOS_DEPLOYMENT_TARGET = 18.2;
				LOCALIZATION_PREFERS_STRING_CATALOGS = YES;
				MTL_ENABLE_DEBUG_INFO = INCLUDE_SOURCE;
				MTL_FAST_MATH = YES;
				ONLY_ACTIVE_ARCH = YES;
				SDKROOT = iphoneos;
				SWIFT_ACTIVE_COMPILATION_CONDITIONS = "DEBUG $(inherited)";
				SWIFT_OPTIMIZATION_LEVEL = "-Onone";
			};
			name = Debug;
		};
		2FFF68B42D6D40FB00450403 /* Release */ = {
			isa = XCBuildConfiguration;
			buildSettings = {
				ALWAYS_SEARCH_USER_PATHS = NO;
				ASSETCATALOG_COMPILER_GENERATE_SWIFT_ASSET_SYMBOL_EXTENSIONS = YES;
				CLANG_ANALYZER_NONNULL = YES;
				CLANG_ANALYZER_NUMBER_OBJECT_CONVERSION = YES_AGGRESSIVE;
				CLANG_CXX_LANGUAGE_STANDARD = "gnu++20";
				CLANG_ENABLE_MODULES = YES;
				CLANG_ENABLE_OBJC_ARC = YES;
				CLANG_ENABLE_OBJC_WEAK = YES;
				CLANG_WARN_BLOCK_CAPTURE_AUTORELEASING = YES;
				CLANG_WARN_BOOL_CONVERSION = YES;
				CLANG_WARN_COMMA = YES;
				CLANG_WARN_CONSTANT_CONVERSION = YES;
				CLANG_WARN_DEPRECATED_OBJC_IMPLEMENTATIONS = YES;
				CLANG_WARN_DIRECT_OBJC_ISA_USAGE = YES_ERROR;
				CLANG_WARN_DOCUMENTATION_COMMENTS = YES;
				CLANG_WARN_EMPTY_BODY = YES;
				CLANG_WARN_ENUM_CONVERSION = YES;
				CLANG_WARN_INFINITE_RECURSION = YES;
				CLANG_WARN_INT_CONVERSION = YES;
				CLANG_WARN_NON_LITERAL_NULL_CONVERSION = YES;
				CLANG_WARN_OBJC_IMPLICIT_RETAIN_SELF = YES;
				CLANG_WARN_OBJC_LITERAL_CONVERSION = YES;
				CLANG_WARN_OBJC_ROOT_CLASS = YES_ERROR;
				CLANG_WARN_QUOTED_INCLUDE_IN_FRAMEWORK_HEADER = YES;
				CLANG_WARN_RANGE_LOOP_ANALYSIS = YES;
				CLANG_WARN_STRICT_PROTOTYPES = YES;
				CLANG_WARN_SUSPICIOUS_MOVE = YES;
				CLANG_WARN_UNGUARDED_AVAILABILITY = YES_AGGRESSIVE;
				CLANG_WARN_UNREACHABLE_CODE = YES;
				CLANG_WARN__DUPLICATE_METHOD_MATCH = YES;
				COPY_PHASE_STRIP = NO;
				DEBUG_INFORMATION_FORMAT = "dwarf-with-dsym";
				ENABLE_NS_ASSERTIONS = NO;
				ENABLE_STRICT_OBJC_MSGSEND = YES;
				ENABLE_USER_SCRIPT_SANDBOXING = YES;
				GCC_C_LANGUAGE_STANDARD = gnu17;
				GCC_NO_COMMON_BLOCKS = YES;
				GCC_WARN_64_TO_32_BIT_CONVERSION = YES;
				GCC_WARN_ABOUT_RETURN_TYPE = YES_ERROR;
				GCC_WARN_UNDECLARED_SELECTOR = YES;
				GCC_WARN_UNINITIALIZED_AUTOS = YES_AGGRESSIVE;
				GCC_WARN_UNUSED_FUNCTION = YES;
				GCC_WARN_UNUSED_VARIABLE = YES;
				IPHONEOS_DEPLOYMENT_TARGET = 18.2;
				LOCALIZATION_PREFERS_STRING_CATALOGS = YES;
				MTL_ENABLE_DEBUG_INFO = NO;
				MTL_FAST_MATH = YES;
				SDKROOT = iphoneos;
				SWIFT_COMPILATION_MODE = wholemodule;
				VALIDATE_PRODUCT = YES;
			};
			name = Release;
		};
		2FFF68B62D6D40FB00450403 /* Debug */ = {
			isa = XCBuildConfiguration;
			buildSettings = {
				ASSETCATALOG_COMPILER_APPICON_NAME = AppIcon;
				ASSETCATALOG_COMPILER_GLOBAL_ACCENT_COLOR_NAME = AccentColor;
				CODE_SIGN_STYLE = Automatic;
				CURRENT_PROJECT_VERSION = 1;
				DEVELOPMENT_ASSET_PATHS = "\"Concentrator/Preview Content\"";
				DEVELOPMENT_TEAM = PP2KMQH73R;
				ENABLE_PREVIEWS = YES;
				GENERATE_INFOPLIST_FILE = YES;
				INFOPLIST_KEY_UIApplicationSceneManifest_Generation = YES;
				INFOPLIST_KEY_UIApplicationSupportsIndirectInputEvents = YES;
				INFOPLIST_KEY_UILaunchScreen_Generation = YES;
				INFOPLIST_KEY_UISupportedInterfaceOrientations_iPad = "UIInterfaceOrientationPortrait UIInterfaceOrientationPortraitUpsideDown UIInterfaceOrientationLandscapeLeft UIInterfaceOrientationLandscapeRight";
				INFOPLIST_KEY_UISupportedInterfaceOrientations_iPhone = "UIInterfaceOrientationPortrait UIInterfaceOrientationLandscapeLeft UIInterfaceOrientationLandscapeRight";
				LD_RUNPATH_SEARCH_PATHS = (
					"$(inherited)",
					"@executable_path/Frameworks",
				);
				MARKETING_VERSION = 1.0;
				PRODUCT_BUNDLE_IDENTIFIER = MoJoe.Concentrator;
				PRODUCT_NAME = "$(TARGET_NAME)";
				SWIFT_EMIT_LOC_STRINGS = YES;
				SWIFT_VERSION = 5.0;
				TARGETED_DEVICE_FAMILY = "1,2";
			};
			name = Debug;
		};
		2FFF68B72D6D40FB00450403 /* Release */ = {
			isa = XCBuildConfiguration;
			buildSettings = {
				ASSETCATALOG_COMPILER_APPICON_NAME = AppIcon;
				ASSETCATALOG_COMPILER_GLOBAL_ACCENT_COLOR_NAME = AccentColor;
				CODE_SIGN_STYLE = Automatic;
				CURRENT_PROJECT_VERSION = 1;
				DEVELOPMENT_ASSET_PATHS = "\"Concentrator/Preview Content\"";
				DEVELOPMENT_TEAM = PP2KMQH73R;
				ENABLE_PREVIEWS = YES;
				GENERATE_INFOPLIST_FILE = YES;
				INFOPLIST_KEY_UIApplicationSceneManifest_Generation = YES;
				INFOPLIST_KEY_UIApplicationSupportsIndirectInputEvents = YES;
				INFOPLIST_KEY_UILaunchScreen_Generation = YES;
				INFOPLIST_KEY_UISupportedInterfaceOrientations_iPad = "UIInterfaceOrientationPortrait UIInterfaceOrientationPortraitUpsideDown UIInterfaceOrientationLandscapeLeft UIInterfaceOrientationLandscapeRight";
				INFOPLIST_KEY_UISupportedInterfaceOrientations_iPhone = "UIInterfaceOrientationPortrait UIInterfaceOrientationLandscapeLeft UIInterfaceOrientationLandscapeRight";
				LD_RUNPATH_SEARCH_PATHS = (
					"$(inherited)",
					"@executable_path/Frameworks",
				);
				MARKETING_VERSION = 1.0;
				PRODUCT_BUNDLE_IDENTIFIER = MoJoe.Concentrator;
				PRODUCT_NAME = "$(TARGET_NAME)";
				SWIFT_EMIT_LOC_STRINGS = YES;
				SWIFT_VERSION = 5.0;
				TARGETED_DEVICE_FAMILY = "1,2";
			};
			name = Release;
		};
		2FFF68B92D6D40FB00450403 /* Debug */ = {
			isa = XCBuildConfiguration;
			buildSettings = {
				BUNDLE_LOADER = "$(TEST_HOST)";
				CODE_SIGN_STYLE = Automatic;
				CURRENT_PROJECT_VERSION = 1;
				DEVELOPMENT_TEAM = PP2KMQH73R;
				GENERATE_INFOPLIST_FILE = YES;
				IPHONEOS_DEPLOYMENT_TARGET = 18.2;
				MARKETING_VERSION = 1.0;
				PRODUCT_BUNDLE_IDENTIFIER = MoJoe.ConcentratorTests;
				PRODUCT_NAME = "$(TARGET_NAME)";
				SWIFT_EMIT_LOC_STRINGS = NO;
				SWIFT_VERSION = 5.0;
				TARGETED_DEVICE_FAMILY = "1,2";
				TEST_HOST = "$(BUILT_PRODUCTS_DIR)/Concentrator.app/$(BUNDLE_EXECUTABLE_FOLDER_PATH)/Concentrator";
			};
			name = Debug;
		};
		2FFF68BA2D6D40FB00450403 /* Release */ = {
			isa = XCBuildConfiguration;
			buildSettings = {
				BUNDLE_LOADER = "$(TEST_HOST)";
				CODE_SIGN_STYLE = Automatic;
				CURRENT_PROJECT_VERSION = 1;
				DEVELOPMENT_TEAM = PP2KMQH73R;
				GENERATE_INFOPLIST_FILE = YES;
				IPHONEOS_DEPLOYMENT_TARGET = 18.2;
				MARKETING_VERSION = 1.0;
				PRODUCT_BUNDLE_IDENTIFIER = MoJoe.ConcentratorTests;
				PRODUCT_NAME = "$(TARGET_NAME)";
				SWIFT_EMIT_LOC_STRINGS = NO;
				SWIFT_VERSION = 5.0;
				TARGETED_DEVICE_FAMILY = "1,2";
				TEST_HOST = "$(BUILT_PRODUCTS_DIR)/Concentrator.app/$(BUNDLE_EXECUTABLE_FOLDER_PATH)/Concentrator";
			};
			name = Release;
		};
		2FFF68BC2D6D40FB00450403 /* Debug */ = {
			isa = XCBuildConfiguration;
			buildSettings = {
				CODE_SIGN_STYLE = Automatic;
				CURRENT_PROJECT_VERSION = 1;
				DEVELOPMENT_TEAM = PP2KMQH73R;
				GENERATE_INFOPLIST_FILE = YES;
				MARKETING_VERSION = 1.0;
				PRODUCT_BUNDLE_IDENTIFIER = MoJoe.ConcentratorUITests;
				PRODUCT_NAME = "$(TARGET_NAME)";
				SWIFT_EMIT_LOC_STRINGS = NO;
				SWIFT_VERSION = 5.0;
				TARGETED_DEVICE_FAMILY = "1,2";
				TEST_TARGET_NAME = Concentrator;
			};
			name = Debug;
		};
		2FFF68BD2D6D40FB00450403 /* Release */ = {
			isa = XCBuildConfiguration;
			buildSettings = {
				CODE_SIGN_STYLE = Automatic;
				CURRENT_PROJECT_VERSION = 1;
				DEVELOPMENT_TEAM = PP2KMQH73R;
				GENERATE_INFOPLIST_FILE = YES;
				MARKETING_VERSION = 1.0;
				PRODUCT_BUNDLE_IDENTIFIER = MoJoe.ConcentratorUITests;
				PRODUCT_NAME = "$(TARGET_NAME)";
				SWIFT_EMIT_LOC_STRINGS = NO;
				SWIFT_VERSION = 5.0;
				TARGETED_DEVICE_FAMILY = "1,2";
				TEST_TARGET_NAME = Concentrator;
			};
			name = Release;
		};
/* End XCBuildConfiguration section */

/* Begin XCConfigurationList section */
		2FFF688C2D6D40FA00450403 /* Build configuration list for PBXProject "Concentrator" */ = {
			isa = XCConfigurationList;
			buildConfigurations = (
				2FFF68B32D6D40FB00450403 /* Debug */,
				2FFF68B42D6D40FB00450403 /* Release */,
			);
			defaultConfigurationIsVisible = 0;
			defaultConfigurationName = Release;
		};
		2FFF68B52D6D40FB00450403 /* Build configuration list for PBXNativeTarget "Concentrator" */ = {
			isa = XCConfigurationList;
			buildConfigurations = (
				2FFF68B62D6D40FB00450403 /* Debug */,
				2FFF68B72D6D40FB00450403 /* Release */,
			);
			defaultConfigurationIsVisible = 0;
			defaultConfigurationName = Release;
		};
		2FFF68B82D6D40FB00450403 /* Build configuration list for PBXNativeTarget "ConcentratorTests" */ = {
			isa = XCConfigurationList;
			buildConfigurations = (
				2FFF68B92D6D40FB00450403 /* Debug */,
				2FFF68BA2D6D40FB00450403 /* Release */,
			);
			defaultConfigurationIsVisible = 0;
			defaultConfigurationName = Release;
		};
		2FFF68BB2D6D40FB00450403 /* Build configuration list for PBXNativeTarget "ConcentratorUITests" */ = {
			isa = XCConfigurationList;
			buildConfigurations = (
				2FFF68BC2D6D40FB00450403 /* Debug */,
				2FFF68BD2D6D40FB00450403 /* Release */,
			);
			defaultConfigurationIsVisible = 0;
			defaultConfigurationName = Release;
		};
/* End XCConfigurationList section */
	};
	rootObject = 2FFF68892D6D40FA00450403 /* Project object */;
}
